
Microsoft Visual Studio Solution File, Format Version 12.00
# Visual Studio Version 17
VisualStudioVersion = 17.3.32922.545
MinimumVisualStudioVersion = 10.0.40219.1
Project("{2150E333-8FDC-42A3-9474-1A3956D46DE8}") = "Feature", "Feature", "{CFEC888C-6C86-4DB6-A837-77FBC9918B4E}"
EndProject
Project("{2150E333-8FDC-42A3-9474-1A3956D46DE8}") = "PublishedPageUrl", "PublishedPageUrl", "{52797614-B82C-459A-A14F-87F99607D52F}"
EndProject
Project("{FAE04EC0-301F-11D3-BF4B-00C04F79EFBC}") = "Sitecore.Feature.PublishedPageUrl", "src\Feature\Sitecore.Feature.PublishedPageUrl\Sitecore.Feature.PublishedPageUrl.csproj", "{E3940FB7-D9B5-4739-8087-19A77C69D9C3}"
EndProject
Project("{CAA73BB0-EF22-4D79-A57E-DF67B3BA9C80}") = "Sitecore.Feature.PublishedPageUrl.Master", "src\Feature\Sitecore.Feature.PublishedPageUrl.Master\Sitecore.Feature.PublishedPageUrl.Master.scproj", "{19051E52-63D5-4C72-B540-14CF0F2498CB}"
EndProject
Global
	GlobalSection(SolutionConfigurationPlatforms) = preSolution
		Debug|Any CPU = Debug|Any CPU
		Release|Any CPU = Release|Any CPU
	EndGlobalSection
	GlobalSection(ProjectConfigurationPlatforms) = postSolution
		{E3940FB7-D9B5-4739-8087-19A77C69D9C3}.Debug|Any CPU.ActiveCfg = Debug|Any CPU
		{E3940FB7-D9B5-4739-8087-19A77C69D9C3}.Debug|Any CPU.Build.0 = Debug|Any CPU
		{E3940FB7-D9B5-4739-8087-19A77C69D9C3}.Release|Any CPU.ActiveCfg = Release|Any CPU
		{E3940FB7-D9B5-4739-8087-19A77C69D9C3}.Release|Any CPU.Build.0 = Release|Any CPU
		{19051E52-63D5-4C72-B540-14CF0F2498CB}.Debug|Any CPU.ActiveCfg = Debug|Any CPU
		{19051E52-63D5-4C72-B540-14CF0F2498CB}.Debug|Any CPU.Build.0 = Debug|Any CPU
		{19051E52-63D5-4C72-B540-14CF0F2498CB}.Debug|Any CPU.Deploy.0 = Debug|Any CPU
		{19051E52-63D5-4C72-B540-14CF0F2498CB}.Release|Any CPU.ActiveCfg = Release|Any CPU
		{19051E52-63D5-4C72-B540-14CF0F2498CB}.Release|Any CPU.Build.0 = Release|Any CPU
		{19051E52-63D5-4C72-B540-14CF0F2498CB}.Release|Any CPU.Deploy.0 = Release|Any CPU
	EndGlobalSection
	GlobalSection(SolutionProperties) = preSolution
		HideSolutionNode = FALSE
	EndGlobalSection
	GlobalSection(NestedProjects) = preSolution
		{52797614-B82C-459A-A14F-87F99607D52F} = {CFEC888C-6C86-4DB6-A837-77FBC9918B4E}
		{E3940FB7-D9B5-4739-8087-19A77C69D9C3} = {52797614-B82C-459A-A14F-87F99607D52F}
		{19051E52-63D5-4C72-B540-14CF0F2498CB} = {52797614-B82C-459A-A14F-87F99607D52F}
	EndGlobalSection
	GlobalSection(ExtensibilityGlobals) = postSolution
		SolutionGuid = {8DFBB0B7-30BA-43D6-A715-227B6ED9F3A5}
	EndGlobalSection
EndGlobal
